
Microsoft Visual Studio Solution File, Format Version 12.00
# Visual Studio Version 17
VisualStudioVersion = 17.3.32901.215
MinimumVisualStudioVersion = 10.0.40219.1
Project("{9A19103F-16F7-4668-BE54-9A1E7A4F7556}") = "ImageEditors.CMD", "ImageEditors\ImageEditors.CMD.csproj", "{58242A87-EA7A-4E22-8BA9-1DF6DADF77FD}"
EndProject
Project("{9A19103F-16F7-4668-BE54-9A1E7A4F7556}") = "ImageEditors.BL", "ImageEditors.BL\ImageEditors.BL.csproj", "{2BA9EE4A-3076-4E3B-9692-7ECCB5857E17}"
EndProject
Project("{FAE04EC0-301F-11D3-BF4B-00C04F79EFBC}") = "ImageEditors.BLTests", "ImageEditors.BLTests\ImageEditors.BLTests.csproj", "{16671438-009A-4EFE-AF9F-EDB2C8761EAA}"
EndProject
Global
	GlobalSection(SolutionConfigurationPlatforms) = preSolution
		Debug|Any CPU = Debug|Any CPU
		Release|Any CPU = Release|Any CPU
	EndGlobalSection
	GlobalSection(ProjectConfigurationPlatforms) = postSolution
		{58242A87-EA7A-4E22-8BA9-1DF6DADF77FD}.Debug|Any CPU.ActiveCfg = Debug|Any CPU
		{58242A87-EA7A-4E22-8BA9-1DF6DADF77FD}.Debug|Any CPU.Build.0 = Debug|Any CPU
		{58242A87-EA7A-4E22-8BA9-1DF6DADF77FD}.Release|Any CPU.ActiveCfg = Release|Any CPU
		{58242A87-EA7A-4E22-8BA9-1DF6DADF77FD}.Release|Any CPU.Build.0 = Release|Any CPU
		{2BA9EE4A-3076-4E3B-9692-7ECCB5857E17}.Debug|Any CPU.ActiveCfg = Debug|Any CPU
		{2BA9EE4A-3076-4E3B-9692-7ECCB5857E17}.Debug|Any CPU.Build.0 = Debug|Any CPU
		{2BA9EE4A-3076-4E3B-9692-7ECCB5857E17}.Release|Any CPU.ActiveCfg = Release|Any CPU
		{2BA9EE4A-3076-4E3B-9692-7ECCB5857E17}.Release|Any CPU.Build.0 = Release|Any CPU
		{16671438-009A-4EFE-AF9F-EDB2C8761EAA}.Debug|Any CPU.ActiveCfg = Debug|Any CPU
		{16671438-009A-4EFE-AF9F-EDB2C8761EAA}.Debug|Any CPU.Build.0 = Debug|Any CPU
		{16671438-009A-4EFE-AF9F-EDB2C8761EAA}.Release|Any CPU.ActiveCfg = Release|Any CPU
		{16671438-009A-4EFE-AF9F-EDB2C8761EAA}.Release|Any CPU.Build.0 = Release|Any CPU
	EndGlobalSection
	GlobalSection(SolutionProperties) = preSolution
		HideSolutionNode = FALSE
	EndGlobalSection
	GlobalSection(ExtensibilityGlobals) = postSolution
		SolutionGuid = {96D744CB-48F6-41C5-9F41-CF6B3D47FEBD}
	EndGlobalSection
EndGlobal
